# THIS IS AN AUTOGENERATED FILE. DO NOT EDIT THIS FILE DIRECTLY.
# yarn lockfile v1


immer@^9.0.1:
  version "9.0.1"
  resolved "https://registry.yarnpkg.com/immer/-/immer-9.0.1.tgz#1116368e051f9a0fd188c5136b6efb74ed69c57f"
  integrity sha512-7CCw1DSgr8kKYXTYOI1qMM/f5qxT5vIVMeGLDCDX8CSxsggr1Sjdoha4OhsP0AZ1UvWbyZlILHvLjaynuu02Mg==
